// !$*UTF8*$!
{
	archiveVersion = 1;
	classes = {
	};
	objectVersion = 52;
	objects = {

/* Begin PBXBuildFile section */
		266A5AEA24FE71A200ADCBCE /* ModelingElementFeaturesApp.swift in Sources */ = {isa = PBXBuildFile; fileRef = 266A5AE924FE71A200ADCBCE /* ModelingElementFeaturesApp.swift */; };
		266A5AEE24FE71A700ADCBCE /* Assets.xcassets in Resources */ = {isa = PBXBuildFile; fileRef = 266A5AED24FE71A700ADCBCE /* Assets.xcassets */; };
		266A5AF124FE71A700ADCBCE /* Preview Assets.xcassets in Resources */ = {isa = PBXBuildFile; fileRef = 266A5AF024FE71A700ADCBCE /* Preview Assets.xcassets */; };
		266A5AFA24FE71E000ADCBCE /* ComposableArchitecture in Frameworks */ = {isa = PBXBuildFile; productRef = 266A5AF924FE71E000ADCBCE /* ComposableArchitecture */; };
/* End PBXBuildFile section */

/* Begin PBXFileReference section */
		266A5AE624FE71A200ADCBCE /* ModelingElementFeatures.app */ = {isa = PBXFileReference; explicitFileType = wrapper.application; includeInIndex = 0; path = ModelingElementFeatures.app; sourceTree = BUILT_PRODUCTS_DIR; };
		266A5AE924FE71A200ADCBCE /* ModelingElementFeaturesApp.swift */ = {isa = PBXFileReference; lastKnownFileType = sourcecode.swift; path = ModelingElementFeaturesApp.swift; sourceTree = "<group>"; };
		266A5AED24FE71A700ADCBCE /* Assets.xcassets */ = {isa = PBXFileReference; lastKnownFileType = folder.assetcatalog; path = Assets.xcassets; sourceTree = "<group>"; };
		266A5AF024FE71A700ADCBCE /* Preview Assets.xcassets */ = {isa = PBXFileReference; lastKnownFileType = folder.assetcatalog; path = "Preview Assets.xcassets"; sourceTree = "<group>"; };
		266A5AF224FE71A700ADCBCE /* Info.plist */ = {isa = PBXFileReference; lastKnownFileType = text.plist.xml; path = Info.plist; sourceTree = "<group>"; };
/* End PBXFileReference section */

/* Begin PBXFrameworksBuildPhase section */
		266A5AE324FE71A200ADCBCE /* Frameworks */ = {
			isa = PBXFrameworksBuildPhase;
			buildActionMask = 2147483647;
			files = (
				266A5AFA24FE71E000ADCBCE /* ComposableArchitecture in Frameworks */,
			);
			runOnlyForDeploymentPostprocessing = 0;
		};
/* End PBXFrameworksBuildPhase section */

/* Begin PBXGroup section */
		266A5ADD24FE71A100ADCBCE = {
			isa = PBXGroup;
			children = (
				266A5AE824FE71A200ADCBCE /* ModelingElementFeatures */,
				266A5AE724FE71A200ADCBCE /* Products */,
			);
			sourceTree = "<group>";
		};
		266A5AE724FE71A200ADCBCE /* Products */ = {
			isa = PBXGroup;
			children = (
				266A5AE624FE71A200ADCBCE /* ModelingElementFeatures.app */,
			);
			name = Products;
			sourceTree = "<group>";
		};
		266A5AE824FE71A200ADCBCE /* ModelingElementFeatures */ = {
			isa = PBXGroup;
			children = (
				266A5AE924FE71A200ADCBCE /* ModelingElementFeaturesApp.swift */,
				266A5AED24FE71A700ADCBCE /* Assets.xcassets */,
				266A5AF224FE71A700ADCBCE /* Info.plist */,
				266A5AEF24FE71A700ADCBCE /* Preview Content */,
			);
			path = ModelingElementFeatures;
			sourceTree = "<group>";
		};
		266A5AEF24FE71A700ADCBCE /* Preview Content */ = {
			isa = PBXGroup;
			children = (
				266A5AF024FE71A700ADCBCE /* Preview Assets.xcassets */,
			);
			path = "Preview Content";
			sourceTree = "<group>";
		};
/* End PBXGroup section */

/* Begin PBXNativeTarget section */
		266A5AE524FE71A200ADCBCE /* ModelingElementFeatures */ = {
			isa = PBXNativeTarget;
			buildConfigurationList = 266A5AF524FE71A700ADCBCE /* Build configuration list for PBXNativeTarget "ModelingElementFeatures" */;
			buildPhases = (
				266A5AE224FE71A200ADCBCE /* Sources */,
				266A5AE324FE71A200ADCBCE /* Frameworks */,
				266A5AE424FE71A200ADCBCE /* Resources */,
			);
			buildRules = (
			);
			dependencies = (
			);
			name = ModelingElementFeatures;
			packageProductDependencies = (
				266A5AF924FE71E000ADCBCE /* ComposableArchitecture */,
			);
			productName = ModelingElementFeatures;
			productReference = 266A5AE624FE71A200ADCBCE /* ModelingElementFeatures.app */;
			productType = "com.apple.product-type.application";
		};
/* End PBXNativeTarget section */

/* Begin PBXProject section */
		266A5ADE24FE71A200ADCBCE /* Project object */ = {
			isa = PBXProject;
			attributes = {
				LastSwiftUpdateCheck = 1200;
				LastUpgradeCheck = 1200;
				TargetAttributes = {
					266A5AE524FE71A200ADCBCE = {
						CreatedOnToolsVersion = 12.0;
					};
				};
			};
			buildConfigurationList = 266A5AE124FE71A200ADCBCE /* Build configuration list for PBXProject "ModelingElementFeatures" */;
			compatibilityVersion = "Xcode 9.3";
			developmentRegion = en;
			hasScannedForEncodings = 0;
			knownRegions = (
				en,
				Base,
			);
			mainGroup = 266A5ADD24FE71A100ADCBCE;
			packageReferences = (
				266A5AF824FE71E000ADCBCE /* XCRemoteSwiftPackageReference "swift-composable-architecture" */,
			);
			productRefGroup = 266A5AE724FE71A200ADCBCE /* Products */;
			projectDirPath = "";
			projectRoot = "";
			targets = (
				266A5AE524FE71A200ADCBCE /* ModelingElementFeatures */,
			);
		};
/* End PBXProject section */

/* Begin PBXResourcesBuildPhase section */
		266A5AE424FE71A200ADCBCE /* Resources */ = {
			isa = PBXResourcesBuildPhase;
			buildActionMask = 2147483647;
			files = (
				266A5AF124FE71A700ADCBCE /* Preview Assets.xcassets in Resources */,
				266A5AEE24FE71A700ADCBCE /* Assets.xcassets in Resources */,
			);
			runOnlyForDeploymentPostprocessing = 0;
		};
/* End PBXResourcesBuildPhase section */

/* Begin PBXSourcesBuildPhase section */
		266A5AE224FE71A200ADCBCE /* Sources */ = {
			isa = PBXSourcesBuildPhase;
			buildActionMask = 2147483647;
			files = (
				266A5AEA24FE71A200ADCBCE /* ModelingElementFeaturesApp.swift in Sources */,
			);
			runOnlyForDeploymentPostprocessing = 0;
		};
/* End PBXSourcesBuildPhase section */

/* Begin XCBuildConfiguration section */
		266A5AF324FE71A700ADCBCE /* Debug */ = {
			isa = XCBuildConfiguration;
			buildSettings = {
				ALWAYS_SEARCH_USER_PATHS = NO;
				CLANG_ANALYZER_NONNULL = YES;
				CLANG_ANALYZER_NUMBER_OBJECT_CONVERSION = YES_AGGRESSIVE;
				CLANG_CXX_LANGUAGE_STANDARD = "gnu++14";
				CLANG_CXX_LIBRARY = "libc++";
				CLANG_ENABLE_MODULES = YES;
				CLANG_ENABLE_OBJC_ARC = YES;
				CLANG_ENABLE_OBJC_WEAK = YES;
				CLANG_WARN_BLOCK_CAPTURE_AUTORELEASING = YES;
				CLANG_WARN_BOOL_CONVERSION = YES;
				CLANG_WARN_COMMA = YES;
				CLANG_WARN_CONSTANT_CONVERSION = YES;
				CLANG_WARN_DEPRECATED_OBJC_IMPLEMENTATIONS = YES;
				CLANG_WARN_DIRECT_OBJC_ISA_USAGE = YES_ERROR;
				CLANG_WARN_DOCUMENTATION_COMMENTS = YES;
				CLANG_WARN_EMPTY_BODY = YES;
				CLANG_WARN_ENUM_CONVERSION = YES;
				CLANG_WARN_INFINITE_RECURSION = YES;
				CLANG_WARN_INT_CONVERSION = YES;
				CLANG_WARN_NON_LITERAL_NULL_CONVERSION = YES;
				CLANG_WARN_OBJC_IMPLICIT_RETAIN_SELF = YES;
				CLANG_WARN_OBJC_LITERAL_CONVERSION = YES;
				CLANG_WARN_OBJC_ROOT_CLASS = YES_ERROR;
				CLANG_WARN_QUOTED_INCLUDE_IN_FRAMEWORK_HEADER = YES;
				CLANG_WARN_RANGE_LOOP_ANALYSIS = YES;
				CLANG_WARN_STRICT_PROTOTYPES = YES;
				CLANG_WARN_SUSPICIOUS_MOVE = YES;
				CLANG_WARN_UNGUARDED_AVAILABILITY = YES_AGGRESSIVE;
				CLANG_WARN_UNREACHABLE_CODE = YES;
				CLANG_WARN__DUPLICATE_METHOD_MATCH = YES;
				COPY_PHASE_STRIP = NO;
				DEBUG_INFORMATION_FORMAT = dwarf;
				ENABLE_STRICT_OBJC_MSGSEND = YES;
				ENABLE_TESTABILITY = YES;
				GCC_C_LANGUAGE_STANDARD = gnu11;
				GCC_DYNAMIC_NO_PIC = NO;
				GCC_NO_COMMON_BLOCKS = YES;
				GCC_OPTIMIZATION_LEVEL = 0;
				GCC_PREPROCESSOR_DEFINITIONS = (
					"DEBUG=1",
					"$(inherited)",
				);
				GCC_WARN_64_TO_32_BIT_CONVERSION = YES;
				GCC_WARN_ABOUT_RETURN_TYPE = YES_ERROR;
				GCC_WARN_UNDECLARED_SELECTOR = YES;
				GCC_WARN_UNINITIALIZED_AUTOS = YES_AGGRESSIVE;
				GCC_WARN_UNUSED_FUNCTION = YES;
				GCC_WARN_UNUSED_VARIABLE = YES;
				IPHONEOS_DEPLOYMENT_TARGET = 14.0;
				MTL_ENABLE_DEBUG_INFO = INCLUDE_SOURCE;
				MTL_FAST_MATH = YES;
				ONLY_ACTIVE_ARCH = YES;
				SDKROOT = iphoneos;
				SWIFT_ACTIVE_COMPILATION_CONDITIONS = DEBUG;
				SWIFT_OPTIMIZATION_LEVEL = "-Onone";
			};
			name = Debug;
		};
		266A5AF424FE71A700ADCBCE /* Release */ = {
			isa = XCBuildConfiguration;
			buildSettings = {
				ALWAYS_SEARCH_USER_PATHS = NO;
				CLANG_ANALYZER_NONNULL = YES;
				CLANG_ANALYZER_NUMBER_OBJECT_CONVERSION = YES_AGGRESSIVE;
				CLANG_CXX_LANGUAGE_STANDARD = "gnu++14";
				CLANG_CXX_LIBRARY = "libc++";
				CLANG_ENABLE_MODULES = YES;
				CLANG_ENABLE_OBJC_ARC = YES;
				CLANG_ENABLE_OBJC_WEAK = YES;
				CLANG_WARN_BLOCK_CAPTURE_AUTORELEASING = YES;
				CLANG_WARN_BOOL_CONVERSION = YES;
				CLANG_WARN_COMMA = YES;
				CLANG_WARN_CONSTANT_CONVERSION = YES;
				CLANG_WARN_DEPRECATED_OBJC_IMPLEMENTATIONS = YES;
				CLANG_WARN_DIRECT_OBJC_ISA_USAGE = YES_ERROR;
				CLANG_WARN_DOCUMENTATION_COMMENTS = YES;
				CLANG_WARN_EMPTY_BODY = YES;
				CLANG_WARN_ENUM_CONVERSION = YES;
				CLANG_WARN_INFINITE_RECURSION = YES;
				CLANG_WARN_INT_CONVERSION = YES;
				CLANG_WARN_NON_LITERAL_NULL_CONVERSION = YES;
				CLANG_WARN_OBJC_IMPLICIT_RETAIN_SELF = YES;
				CLANG_WARN_OBJC_LITERAL_CONVERSION = YES;
				CLANG_WARN_OBJC_ROOT_CLASS = YES_ERROR;
				CLANG_WARN_QUOTED_INCLUDE_IN_FRAMEWORK_HEADER = YES;
				CLANG_WARN_RANGE_LOOP_ANALYSIS = YES;
				CLANG_WARN_STRICT_PROTOTYPES = YES;
				CLANG_WARN_SUSPICIOUS_MOVE = YES;
				CLANG_WARN_UNGUARDED_AVAILABILITY = YES_AGGRESSIVE;
				CLANG_WARN_UNREACHABLE_CODE = YES;
				CLANG_WARN__DUPLICATE_METHOD_MATCH = YES;
				COPY_PHASE_STRIP = NO;
				DEBUG_INFORMATION_FORMAT = "dwarf-with-dsym";
				ENABLE_NS_ASSERTIONS = NO;
				ENABLE_STRICT_OBJC_MSGSEND = YES;
				GCC_C_LANGUAGE_STANDARD = gnu11;
				GCC_NO_COMMON_BLOCKS = YES;
				GCC_WARN_64_TO_32_BIT_CONVERSION = YES;
				GCC_WARN_ABOUT_RETURN_TYPE = YES_ERROR;
				GCC_WARN_UNDECLARED_SELECTOR = YES;
				GCC_WARN_UNINITIALIZED_AUTOS = YES_AGGRESSIVE;
				GCC_WARN_UNUSED_FUNCTION = YES;
				GCC_WARN_UNUSED_VARIABLE = YES;
				IPHONEOS_DEPLOYMENT_TARGET = 14.0;
				MTL_ENABLE_DEBUG_INFO = NO;
				MTL_FAST_MATH = YES;
				SDKROOT = iphoneos;
				SWIFT_COMPILATION_MODE = wholemodule;
				SWIFT_OPTIMIZATION_LEVEL = "-O";
				VALIDATE_PRODUCT = YES;
			};
			name = Release;
		};
		266A5AF624FE71A700ADCBCE /* Debug */ = {
			isa = XCBuildConfiguration;
			buildSettings = {
				ASSETCATALOG_COMPILER_APPICON_NAME = AppIcon;
				ASSETCATALOG_COMPILER_GLOBAL_ACCENT_COLOR_NAME = AccentColor;
				CODE_SIGN_STYLE = Automatic;
				DEVELOPMENT_ASSET_PATHS = "\"ModelingElementFeatures/Preview Content\"";
				DEVELOPMENT_TEAM = C4NZCR6PL9;
				ENABLE_PREVIEWS = YES;
				INFOPLIST_FILE = ModelingElementFeatures/Info.plist;
				IPHONEOS_DEPLOYMENT_TARGET = 14.0;
				LD_RUNPATH_SEARCH_PATHS = (
					"$(inherited)",
					"@executable_path/Frameworks",
				);
				PRODUCT_BUNDLE_IDENTIFIER = com.damirstuhec.ModelingElementFeatures;
				PRODUCT_NAME = "$(TARGET_NAME)";
				SWIFT_VERSION = 5.0;
				TARGETED_DEVICE_FAMILY = "1,2";
			};
			name = Debug;
		};
		266A5AF724FE71A700ADCBCE /* Release */ = {
			isa = XCBuildConfiguration;
			buildSettings = {
				ASSETCATALOG_COMPILER_APPICON_NAME = AppIcon;
				ASSETCATALOG_COMPILER_GLOBAL_ACCENT_COLOR_NAME = AccentColor;
				CODE_SIGN_STYLE = Automatic;
				DEVELOPMENT_ASSET_PATHS = "\"ModelingElementFeatures/Preview Content\"";
				DEVELOPMENT_TEAM = C4NZCR6PL9;
				ENABLE_PREVIEWS = YES;
				INFOPLIST_FILE = ModelingElementFeatures/Info.plist;
				IPHONEOS_DEPLOYMENT_TARGET = 14.0;
				LD_RUNPATH_SEARCH_PATHS = (
					"$(inherited)",
					"@executable_path/Frameworks",
				);
				PRODUCT_BUNDLE_IDENTIFIER = com.damirstuhec.ModelingElementFeatures;
				PRODUCT_NAME = "$(TARGET_NAME)";
				SWIFT_VERSION = 5.0;
				TARGETED_DEVICE_FAMILY = "1,2";
			};
			name = Release;
		};
/* End XCBuildConfiguration section */

/* Begin XCConfigurationList section */
		266A5AE124FE71A200ADCBCE /* Build configuration list for PBXProject "ModelingElementFeatures" */ = {
			isa = XCConfigurationList;
			buildConfigurations = (
				266A5AF324FE71A700ADCBCE /* Debug */,
				266A5AF424FE71A700ADCBCE /* Release */,
			);
			defaultConfigurationIsVisible = 0;
			defaultConfigurationName = Release;
		};
		266A5AF524FE71A700ADCBCE /* Build configuration list for PBXNativeTarget "ModelingElementFeatures" */ = {
			isa = XCConfigurationList;
			buildConfigurations = (
				266A5AF624FE71A700ADCBCE /* Debug */,
				266A5AF724FE71A700ADCBCE /* Release */,
			);
			defaultConfigurationIsVisible = 0;
			defaultConfigurationName = Release;
		};
/* End XCConfigurationList section */

/* Begin XCRemoteSwiftPackageReference section */
		266A5AF824FE71E000ADCBCE /* XCRemoteSwiftPackageReference "swift-composable-architecture" */ = {
			isa = XCRemoteSwiftPackageReference;
			repositoryURL = "https://github.com/pointfreeco/swift-composable-architecture";
			requirement = {
				kind = upToNextMajorVersion;
				minimumVersion = 0.7.0;
			};
		};
/* End XCRemoteSwiftPackageReference section */

/* Begin XCSwiftPackageProductDependency section */
		266A5AF924FE71E000ADCBCE /* ComposableArchitecture */ = {
			isa = XCSwiftPackageProductDependency;
			package = 266A5AF824FE71E000ADCBCE /* XCRemoteSwiftPackageReference "swift-composable-architecture" */;
			productName = ComposableArchitecture;
		};
/* End XCSwiftPackageProductDependency section */
	};
	rootObject = 266A5ADE24FE71A200ADCBCE /* Project object */;
}
